PODS:
  - Alamofire (3.1.4)
  - MBProgressHUD (0.9.2)

DEPENDENCIES:
  - Alamofire
  - MBProgressHUD (~> 0.9.2)

SPEC CHECKSUMS:
  Alamofire: fbc829692f351fa1d8a31dd75fd7f7f56fea31fb
  MBProgressHUD: 1569cf7ace17a8bac47aabfbb8580a49690386d1

PODFILE CHECKSUM: 68824ead2248d8dbed8e543e7d679078d69e530c

COCOAPODS: 1.0.1
